// !$*UTF8*$!
{
	archiveVersion = 1;
	classes = {
	};
	objectVersion = 56;
	objects = {

/* Begin PBXBuildFile section */
		69AD11672B0F438400D82BBE /* gittApp.swift in Sources */ = {isa = PBXBuildFile; fileRef = 69AD11662B0F438400D82BBE /* gittApp.swift */; };
		69AD11692B0F438400D82BBE /* ContentView.swift in Sources */ = {isa = PBXBuildFile; fileRef = 69AD11682B0F438400D82BBE /* ContentView.swift */; };
		69AD116B2B0F438500D82BBE /* Assets.xcassets in Resources */ = {isa = PBXBuildFile; fileRef = 69AD116A2B0F438500D82BBE /* Assets.xcassets */; };
		69AD116E2B0F438500D82BBE /* Preview Assets.xcassets in Resources */ = {isa = PBXBuildFile; fileRef = 69AD116D2B0F438500D82BBE /* Preview Assets.xcassets */; };
		69AD11782B0F438500D82BBE /* gittTests.swift in Sources */ = {isa = PBXBuildFile; fileRef = 69AD11772B0F438500D82BBE /* gittTests.swift */; };
		69AD11822B0F438500D82BBE /* gittUITests.swift in Sources */ = {isa = PBXBuildFile; fileRef = 69AD11812B0F438500D82BBE /* gittUITests.swift */; };
		69AD11842B0F438500D82BBE /* gittUITestsLaunchTests.swift in Sources */ = {isa = PBXBuildFile; fileRef = 69AD11832B0F438500D82BBE /* gittUITestsLaunchTests.swift */; };
/* End PBXBuildFile section */

/* Begin PBXContainerItemProxy section */
		69AD11742B0F438500D82BBE /* PBXContainerItemProxy */ = {
			isa = PBXContainerItemProxy;
			containerPortal = 69AD115B2B0F438400D82BBE /* Project object */;
			proxyType = 1;
			remoteGlobalIDString = 69AD11622B0F438400D82BBE;
			remoteInfo = gitt;
		};
		69AD117E2B0F438500D82BBE /* PBXContainerItemProxy */ = {
			isa = PBXContainerItemProxy;
			containerPortal = 69AD115B2B0F438400D82BBE /* Project object */;
			proxyType = 1;
			remoteGlobalIDString = 69AD11622B0F438400D82BBE;
			remoteInfo = gitt;
		};
/* End PBXContainerItemProxy section */

/* Begin PBXFileReference section */
		69AD11632B0F438400D82BBE /* gitt.app */ = {isa = PBXFileReference; explicitFileType = wrapper.application; includeInIndex = 0; path = gitt.app; sourceTree = BUILT_PRODUCTS_DIR; };
		69AD11662B0F438400D82BBE /* gittApp.swift */ = {isa = PBXFileReference; lastKnownFileType = sourcecode.swift; path = gittApp.swift; sourceTree = "<group>"; };
		69AD11682B0F438400D82BBE /* ContentView.swift */ = {isa = PBXFileReference; lastKnownFileType = sourcecode.swift; path = ContentView.swift; sourceTree = "<group>"; };
		69AD116A2B0F438500D82BBE /* Assets.xcassets */ = {isa = PBXFileReference; lastKnownFileType = folder.assetcatalog; path = Assets.xcassets; sourceTree = "<group>"; };
		69AD116D2B0F438500D82BBE /* Preview Assets.xcassets */ = {isa = PBXFileReference; lastKnownFileType = folder.assetcatalog; path = "Preview Assets.xcassets"; sourceTree = "<group>"; };
		69AD11732B0F438500D82BBE /* gittTests.xctest */ = {isa = PBXFileReference; explicitFileType = wrapper.cfbundle; includeInIndex = 0; path = gittTests.xctest; sourceTree = BUILT_PRODUCTS_DIR; };
		69AD11772B0F438500D82BBE /* gittTests.swift */ = {isa = PBXFileReference; lastKnownFileType = sourcecode.swift; path = gittTests.swift; sourceTree = "<group>"; };
		69AD117D2B0F438500D82BBE /* gittUITests.xctest */ = {isa = PBXFileReference; explicitFileType = wrapper.cfbundle; includeInIndex = 0; path = gittUITests.xctest; sourceTree = BUILT_PRODUCTS_DIR; };
		69AD11812B0F438500D82BBE /* gittUITests.swift */ = {isa = PBXFileReference; lastKnownFileType = sourcecode.swift; path = gittUITests.swift; sourceTree = "<group>"; };
		69AD11832B0F438500D82BBE /* gittUITestsLaunchTests.swift */ = {isa = PBXFileReference; lastKnownFileType = sourcecode.swift; path = gittUITestsLaunchTests.swift; sourceTree = "<group>"; };
/* End PBXFileReference section */

/* Begin PBXFrameworksBuildPhase section */
		69AD11602B0F438400D82BBE /* Frameworks */ = {
			isa = PBXFrameworksBuildPhase;
			buildActionMask = 2147483647;
			files = (
			);
			runOnlyForDeploymentPostprocessing = 0;
		};
		69AD11702B0F438500D82BBE /* Frameworks */ = {
			isa = PBXFrameworksBuildPhase;
			buildActionMask = 2147483647;
			files = (
			);
			runOnlyForDeploymentPostprocessing = 0;
		};
		69AD117A2B0F438500D82BBE /* Frameworks */ = {
			isa = PBXFrameworksBuildPhase;
			buildActionMask = 2147483647;
			files = (
			);
			runOnlyForDeploymentPostprocessing = 0;
		};
/* End PBXFrameworksBuildPhase section */

/* Begin PBXGroup section */
		69AD115A2B0F438400D82BBE = {
			isa = PBXGroup;
			children = (
				69AD11652B0F438400D82BBE /* gitt */,
				69AD11762B0F438500D82BBE /* gittTests */,
				69AD11802B0F438500D82BBE /* gittUITests */,
				69AD11642B0F438400D82BBE /* Products */,
			);
			sourceTree = "<group>";
		};
		69AD11642B0F438400D82BBE /* Products */ = {
			isa = PBXGroup;
			children = (
				69AD11632B0F438400D82BBE /* gitt.app */,
				69AD11732B0F438500D82BBE /* gittTests.xctest */,
				69AD117D2B0F438500D82BBE /* gittUITests.xctest */,
			);
			name = Products;
			sourceTree = "<group>";
		};
		69AD11652B0F438400D82BBE /* gitt */ = {
			isa = PBXGroup;
			children = (
				69AD11662B0F438400D82BBE /* gittApp.swift */,
				69AD11682B0F438400D82BBE /* ContentView.swift */,
				69AD116A2B0F438500D82BBE /* Assets.xcassets */,
				69AD116C2B0F438500D82BBE /* Preview Content */,
			);
			path = gitt;
			sourceTree = "<group>";
		};
		69AD116C2B0F438500D82BBE /* Preview Content */ = {
			isa = PBXGroup;
			children = (
				69AD116D2B0F438500D82BBE /* Preview Assets.xcassets */,
			);
			path = "Preview Content";
			sourceTree = "<group>";
		};
		69AD11762B0F438500D82BBE /* gittTests */ = {
			isa = PBXGroup;
			children = (
				69AD11772B0F438500D82BBE /* gittTests.swift */,
			);
			path = gittTests;
			sourceTree = "<group>";
		};
		69AD11802B0F438500D82BBE /* gittUITests */ = {
			isa = PBXGroup;
			children = (
				69AD11812B0F438500D82BBE /* gittUITests.swift */,
				69AD11832B0F438500D82BBE /* gittUITestsLaunchTests.swift */,
			);
			path = gittUITests;
			sourceTree = "<group>";
		};
/* End PBXGroup section */

/* Begin PBXNativeTarget section */
		69AD11622B0F438400D82BBE /* gitt */ = {
			isa = PBXNativeTarget;
			buildConfigurationList = 69AD11872B0F438500D82BBE /* Build configuration list for PBXNativeTarget "gitt" */;
			buildPhases = (
				69AD115F2B0F438400D82BBE /* Sources */,
				69AD11602B0F438400D82BBE /* Frameworks */,
				69AD11612B0F438400D82BBE /* Resources */,
			);
			buildRules = (
			);
			dependencies = (
			);
			name = gitt;
			productName = gitt;
			productReference = 69AD11632B0F438400D82BBE /* gitt.app */;
			productType = "com.apple.product-type.application";
		};
		69AD11722B0F438500D82BBE /* gittTests */ = {
			isa = PBXNativeTarget;
			buildConfigurationList = 69AD118A2B0F438500D82BBE /* Build configuration list for PBXNativeTarget "gittTests" */;
			buildPhases = (
				69AD116F2B0F438500D82BBE /* Sources */,
				69AD11702B0F438500D82BBE /* Frameworks */,
				69AD11712B0F438500D82BBE /* Resources */,
			);
			buildRules = (
			);
			dependencies = (
				69AD11752B0F438500D82BBE /* PBXTargetDependency */,
			);
			name = gittTests;
			productName = gittTests;
			productReference = 69AD11732B0F438500D82BBE /* gittTests.xctest */;
			productType = "com.apple.product-type.bundle.unit-test";
		};
		69AD117C2B0F438500D82BBE /* gittUITests */ = {
			isa = PBXNativeTarget;
			buildConfigurationList = 69AD118D2B0F438500D82BBE /* Build configuration list for PBXNativeTarget "gittUITests" */;
			buildPhases = (
				69AD11792B0F438500D82BBE /* Sources */,
				69AD117A2B0F438500D82BBE /* Frameworks */,
				69AD117B2B0F438500D82BBE /* Resources */,
			);
			buildRules = (
			);
			dependencies = (
				69AD117F2B0F438500D82BBE /* PBXTargetDependency */,
			);
			name = gittUITests;
			productName = gittUITests;
			productReference = 69AD117D2B0F438500D82BBE /* gittUITests.xctest */;
			productType = "com.apple.product-type.bundle.ui-testing";
		};
/* End PBXNativeTarget section */

/* Begin PBXProject section */
		69AD115B2B0F438400D82BBE /* Project object */ = {
			isa = PBXProject;
			attributes = {
				BuildIndependentTargetsInParallel = 1;
				LastSwiftUpdateCheck = 1500;
				LastUpgradeCheck = 1500;
				TargetAttributes = {
					69AD11622B0F438400D82BBE = {
						CreatedOnToolsVersion = 15.0.1;
					};
					69AD11722B0F438500D82BBE = {
						CreatedOnToolsVersion = 15.0.1;
						TestTargetID = 69AD11622B0F438400D82BBE;
					};
					69AD117C2B0F438500D82BBE = {
						CreatedOnToolsVersion = 15.0.1;
						TestTargetID = 69AD11622B0F438400D82BBE;
					};
				};
			};
			buildConfigurationList = 69AD115E2B0F438400D82BBE /* Build configuration list for PBXProject "gitt" */;
			compatibilityVersion = "Xcode 14.0";
			developmentRegion = en;
			hasScannedForEncodings = 0;
			knownRegions = (
				en,
				Base,
			);
			mainGroup = 69AD115A2B0F438400D82BBE;
			productRefGroup = 69AD11642B0F438400D82BBE /* Products */;
			projectDirPath = "";
			projectRoot = "";
			targets = (
				69AD11622B0F438400D82BBE /* gitt */,
				69AD11722B0F438500D82BBE /* gittTests */,
				69AD117C2B0F438500D82BBE /* gittUITests */,
			);
		};
/* End PBXProject section */

/* Begin PBXResourcesBuildPhase section */
		69AD11612B0F438400D82BBE /* Resources */ = {
			isa = PBXResourcesBuildPhase;
			buildActionMask = 2147483647;
			files = (
				69AD116E2B0F438500D82BBE /* Preview Assets.xcassets in Resources */,
				69AD116B2B0F438500D82BBE /* Assets.xcassets in Resources */,
			);
			runOnlyForDeploymentPostprocessing = 0;
		};
		69AD11712B0F438500D82BBE /* Resources */ = {
			isa = PBXResourcesBuildPhase;
			buildActionMask = 2147483647;
			files = (
			);
			runOnlyForDeploymentPostprocessing = 0;
		};
		69AD117B2B0F438500D82BBE /* Resources */ = {
			isa = PBXResourcesBuildPhase;
			buildActionMask = 2147483647;
			files = (
			);
			runOnlyForDeploymentPostprocessing = 0;
		};
/* End PBXResourcesBuildPhase section */

/* Begin PBXSourcesBuildPhase section */
		69AD115F2B0F438400D82BBE /* Sources */ = {
			isa = PBXSourcesBuildPhase;
			buildActionMask = 2147483647;
			files = (
				69AD11692B0F438400D82BBE /* ContentView.swift in Sources */,
				69AD11672B0F438400D82BBE /* gittApp.swift in Sources */,
			);
			runOnlyForDeploymentPostprocessing = 0;
		};
		69AD116F2B0F438500D82BBE /* Sources */ = {
			isa = PBXSourcesBuildPhase;
			buildActionMask = 2147483647;
			files = (
				69AD11782B0F438500D82BBE /* gittTests.swift in Sources */,
			);
			runOnlyForDeploymentPostprocessing = 0;
		};
		69AD11792B0F438500D82BBE /* Sources */ = {
			isa = PBXSourcesBuildPhase;
			buildActionMask = 2147483647;
			files = (
				69AD11842B0F438500D82BBE /* gittUITestsLaunchTests.swift in Sources */,
				69AD11822B0F438500D82BBE /* gittUITests.swift in Sources */,
			);
			runOnlyForDeploymentPostprocessing = 0;
		};
/* End PBXSourcesBuildPhase section */

/* Begin PBXTargetDependency section */
		69AD11752B0F438500D82BBE /* PBXTargetDependency */ = {
			isa = PBXTargetDependency;
			target = 69AD11622B0F438400D82BBE /* gitt */;
			targetProxy = 69AD11742B0F438500D82BBE /* PBXContainerItemProxy */;
		};
		69AD117F2B0F438500D82BBE /* PBXTargetDependency */ = {
			isa = PBXTargetDependency;
			target = 69AD11622B0F438400D82BBE /* gitt */;
			targetProxy = 69AD117E2B0F438500D82BBE /* PBXContainerItemProxy */;
		};
/* End PBXTargetDependency section */

/* Begin XCBuildConfiguration section */
		69AD11852B0F438500D82BBE /* Debug */ = {
			isa = XCBuildConfiguration;
			buildSettings = {
				ALWAYS_SEARCH_USER_PATHS = NO;
				ASSETCATALOG_COMPILER_GENERATE_SWIFT_ASSET_SYMBOL_EXTENSIONS = YES;
				CLANG_ANALYZER_NONNULL = YES;
				CLANG_ANALYZER_NUMBER_OBJECT_CONVERSION = YES_AGGRESSIVE;
				CLANG_CXX_LANGUAGE_STANDARD = "gnu++20";
				CLANG_ENABLE_MODULES = YES;
				CLANG_ENABLE_OBJC_ARC = YES;
				CLANG_ENABLE_OBJC_WEAK = YES;
				CLANG_WARN_BLOCK_CAPTURE_AUTORELEASING = YES;
				CLANG_WARN_BOOL_CONVERSION = YES;
				CLANG_WARN_COMMA = YES;
				CLANG_WARN_CONSTANT_CONVERSION = YES;
				CLANG_WARN_DEPRECATED_OBJC_IMPLEMENTATIONS = YES;
				CLANG_WARN_DIRECT_OBJC_ISA_USAGE = YES_ERROR;
				CLANG_WARN_DOCUMENTATION_COMMENTS = YES;
				CLANG_WARN_EMPTY_BODY = YES;
				CLANG_WARN_ENUM_CONVERSION = YES;
				CLANG_WARN_INFINITE_RECURSION = YES;
				CLANG_WARN_INT_CONVERSION = YES;
				CLANG_WARN_NON_LITERAL_NULL_CONVERSION = YES;
				CLANG_WARN_OBJC_IMPLICIT_RETAIN_SELF = YES;
				CLANG_WARN_OBJC_LITERAL_CONVERSION = YES;
				CLANG_WARN_OBJC_ROOT_CLASS = YES_ERROR;
				CLANG_WARN_QUOTED_INCLUDE_IN_FRAMEWORK_HEADER = YES;
				CLANG_WARN_RANGE_LOOP_ANALYSIS = YES;
				CLANG_WARN_STRICT_PROTOTYPES = YES;
				CLANG_WARN_SUSPICIOUS_MOVE = YES;
				CLANG_WARN_UNGUARDED_AVAILABILITY = YES_AGGRESSIVE;
				CLANG_WARN_UNREACHABLE_CODE = YES;
				CLANG_WARN__DUPLICATE_METHOD_MATCH = YES;
				COPY_PHASE_STRIP = NO;
				DEBUG_INFORMATION_FORMAT = dwarf;
				ENABLE_STRICT_OBJC_MSGSEND = YES;
				ENABLE_TESTABILITY = YES;
				ENABLE_USER_SCRIPT_SANDBOXING = YES;
				GCC_C_LANGUAGE_STANDARD = gnu17;
				GCC_DYNAMIC_NO_PIC = NO;
				GCC_NO_COMMON_BLOCKS = YES;
				GCC_OPTIMIZATION_LEVEL = 0;
				GCC_PREPROCESSOR_DEFINITIONS = (
					"DEBUG=1",
					"$(inherited)",
				);
				GCC_WARN_64_TO_32_BIT_CONVERSION = YES;
				GCC_WARN_ABOUT_RETURN_TYPE = YES_ERROR;
				GCC_WARN_UNDECLARED_SELECTOR = YES;
				GCC_WARN_UNINITIALIZED_AUTOS = YES_AGGRESSIVE;
				GCC_WARN_UNUSED_FUNCTION = YES;
				GCC_WARN_UNUSED_VARIABLE = YES;
				IPHONEOS_DEPLOYMENT_TARGET = 17.0;
				LOCALIZATION_PREFERS_STRING_CATALOGS = YES;
				MTL_ENABLE_DEBUG_INFO = INCLUDE_SOURCE;
				MTL_FAST_MATH = YES;
				ONLY_ACTIVE_ARCH = YES;
				SDKROOT = iphoneos;
				SWIFT_ACTIVE_COMPILATION_CONDITIONS = "DEBUG $(inherited)";
				SWIFT_OPTIMIZATION_LEVEL = "-Onone";
			};
			name = Debug;
		};
		69AD11862B0F438500D82BBE /* Release */ = {
			isa = XCBuildConfiguration;
			buildSettings = {
				ALWAYS_SEARCH_USER_PATHS = NO;
				ASSETCATALOG_COMPILER_GENERATE_SWIFT_ASSET_SYMBOL_EXTENSIONS = YES;
				CLANG_ANALYZER_NONNULL = YES;
				CLANG_ANALYZER_NUMBER_OBJECT_CONVERSION = YES_AGGRESSIVE;
				CLANG_CXX_LANGUAGE_STANDARD = "gnu++20";
				CLANG_ENABLE_MODULES = YES;
				CLANG_ENABLE_OBJC_ARC = YES;
				CLANG_ENABLE_OBJC_WEAK = YES;
				CLANG_WARN_BLOCK_CAPTURE_AUTORELEASING = YES;
				CLANG_WARN_BOOL_CONVERSION = YES;
				CLANG_WARN_COMMA = YES;
				CLANG_WARN_CONSTANT_CONVERSION = YES;
				CLANG_WARN_DEPRECATED_OBJC_IMPLEMENTATIONS = YES;
				CLANG_WARN_DIRECT_OBJC_ISA_USAGE = YES_ERROR;
				CLANG_WARN_DOCUMENTATION_COMMENTS = YES;
				CLANG_WARN_EMPTY_BODY = YES;
				CLANG_WARN_ENUM_CONVERSION = YES;
				CLANG_WARN_INFINITE_RECURSION = YES;
				CLANG_WARN_INT_CONVERSION = YES;
				CLANG_WARN_NON_LITERAL_NULL_CONVERSION = YES;
				CLANG_WARN_OBJC_IMPLICIT_RETAIN_SELF = YES;
				CLANG_WARN_OBJC_LITERAL_CONVERSION = YES;
				CLANG_WARN_OBJC_ROOT_CLASS = YES_ERROR;
				CLANG_WARN_QUOTED_INCLUDE_IN_FRAMEWORK_HEADER = YES;
				CLANG_WARN_RANGE_LOOP_ANALYSIS = YES;
				CLANG_WARN_STRICT_PROTOTYPES = YES;
				CLANG_WARN_SUSPICIOUS_MOVE = YES;
				CLANG_WARN_UNGUARDED_AVAILABILITY = YES_AGGRESSIVE;
				CLANG_WARN_UNREACHABLE_CODE = YES;
				CLANG_WARN__DUPLICATE_METHOD_MATCH = YES;
				COPY_PHASE_STRIP = NO;
				DEBUG_INFORMATION_FORMAT = "dwarf-with-dsym";
				ENABLE_NS_ASSERTIONS = NO;
				ENABLE_STRICT_OBJC_MSGSEND = YES;
				ENABLE_USER_SCRIPT_SANDBOXING = YES;
				GCC_C_LANGUAGE_STANDARD = gnu17;
				GCC_NO_COMMON_BLOCKS = YES;
				GCC_WARN_64_TO_32_BIT_CONVERSION = YES;
				GCC_WARN_ABOUT_RETURN_TYPE = YES_ERROR;
				GCC_WARN_UNDECLARED_SELECTOR = YES;
				GCC_WARN_UNINITIALIZED_AUTOS = YES_AGGRESSIVE;
				GCC_WARN_UNUSED_FUNCTION = YES;
				GCC_WARN_UNUSED_VARIABLE = YES;
				IPHONEOS_DEPLOYMENT_TARGET = 17.0;
				LOCALIZATION_PREFERS_STRING_CATALOGS = YES;
				MTL_ENABLE_DEBUG_INFO = NO;
				MTL_FAST_MATH = YES;
				SDKROOT = iphoneos;
				SWIFT_COMPILATION_MODE = wholemodule;
				VALIDATE_PRODUCT = YES;
			};
			name = Release;
		};
		69AD11882B0F438500D82BBE /* Debug */ = {
			isa = XCBuildConfiguration;
			buildSettings = {
				ASSETCATALOG_COMPILER_APPICON_NAME = AppIcon;
				ASSETCATALOG_COMPILER_GLOBAL_ACCENT_COLOR_NAME = AccentColor;
				CODE_SIGN_STYLE = Automatic;
				CURRENT_PROJECT_VERSION = 1;
				DEVELOPMENT_ASSET_PATHS = "\"gitt/Preview Content\"";
				ENABLE_PREVIEWS = YES;
				GENERATE_INFOPLIST_FILE = YES;
				INFOPLIST_KEY_UIApplicationSceneManifest_Generation = YES;
				INFOPLIST_KEY_UIApplicationSupportsIndirectInputEvents = YES;
				INFOPLIST_KEY_UILaunchScreen_Generation = YES;
				INFOPLIST_KEY_UISupportedInterfaceOrientations_iPad = "UIInterfaceOrientationPortrait UIInterfaceOrientationPortraitUpsideDown UIInterfaceOrientationLandscapeLeft UIInterfaceOrientationLandscapeRight";
				INFOPLIST_KEY_UISupportedInterfaceOrientations_iPhone = "UIInterfaceOrientationPortrait UIInterfaceOrientationLandscapeLeft UIInterfaceOrientationLandscapeRight";
				LD_RUNPATH_SEARCH_PATHS = (
					"$(inherited)",
					"@executable_path/Frameworks",
				);
				MARKETING_VERSION = 1.0;
				PRODUCT_BUNDLE_IDENTIFIER = com..gitt;
				PRODUCT_NAME = "$(TARGET_NAME)";
				SWIFT_EMIT_LOC_STRINGS = YES;
				SWIFT_VERSION = 5.0;
				TARGETED_DEVICE_FAMILY = "1,2";
			};
			name = Debug;
		};
		69AD11892B0F438500D82BBE /* Release */ = {
			isa = XCBuildConfiguration;
			buildSettings = {
				ASSETCATALOG_COMPILER_APPICON_NAME = AppIcon;
				ASSETCATALOG_COMPILER_GLOBAL_ACCENT_COLOR_NAME = AccentColor;
				CODE_SIGN_STYLE = Automatic;
				CURRENT_PROJECT_VERSION = 1;
				DEVELOPMENT_ASSET_PATHS = "\"gitt/Preview Content\"";
				ENABLE_PREVIEWS = YES;
				GENERATE_INFOPLIST_FILE = YES;
				INFOPLIST_KEY_UIApplicationSceneManifest_Generation = YES;
				INFOPLIST_KEY_UIApplicationSupportsIndirectInputEvents = YES;
				INFOPLIST_KEY_UILaunchScreen_Generation = YES;
				INFOPLIST_KEY_UISupportedInterfaceOrientations_iPad = "UIInterfaceOrientationPortrait UIInterfaceOrientationPortraitUpsideDown UIInterfaceOrientationLandscapeLeft UIInterfaceOrientationLandscapeRight";
				INFOPLIST_KEY_UISupportedInterfaceOrientations_iPhone = "UIInterfaceOrientationPortrait UIInterfaceOrientationLandscapeLeft UIInterfaceOrientationLandscapeRight";
				LD_RUNPATH_SEARCH_PATHS = (
					"$(inherited)",
					"@executable_path/Frameworks",
				);
				MARKETING_VERSION = 1.0;
				PRODUCT_BUNDLE_IDENTIFIER = com..gitt;
				PRODUCT_NAME = "$(TARGET_NAME)";
				SWIFT_EMIT_LOC_STRINGS = YES;
				SWIFT_VERSION = 5.0;
				TARGETED_DEVICE_FAMILY = "1,2";
			};
			name = Release;
		};
		69AD118B2B0F438500D82BBE /* Debug */ = {
			isa = XCBuildConfiguration;
			buildSettings = {
				ALWAYS_EMBED_SWIFT_STANDARD_LIBRARIES = YES;
				BUNDLE_LOADER = "$(TEST_HOST)";
				CODE_SIGN_STYLE = Automatic;
				CURRENT_PROJECT_VERSION = 1;
				GENERATE_INFOPLIST_FILE = YES;
				IPHONEOS_DEPLOYMENT_TARGET = 17.0;
				MARKETING_VERSION = 1.0;
				PRODUCT_BUNDLE_IDENTIFIER = com..gittTests;
				PRODUCT_NAME = "$(TARGET_NAME)";
				SWIFT_EMIT_LOC_STRINGS = NO;
				SWIFT_VERSION = 5.0;
				TARGETED_DEVICE_FAMILY = "1,2";
				TEST_HOST = "$(BUILT_PRODUCTS_DIR)/gitt.app/$(BUNDLE_EXECUTABLE_FOLDER_PATH)/gitt";
			};
			name = Debug;
		};
		69AD118C2B0F438500D82BBE /* Release */ = {
			isa = XCBuildConfiguration;
			buildSettings = {
				ALWAYS_EMBED_SWIFT_STANDARD_LIBRARIES = YES;
				BUNDLE_LOADER = "$(TEST_HOST)";
				CODE_SIGN_STYLE = Automatic;
				CURRENT_PROJECT_VERSION = 1;
				GENERATE_INFOPLIST_FILE = YES;
				IPHONEOS_DEPLOYMENT_TARGET = 17.0;
				MARKETING_VERSION = 1.0;
				PRODUCT_BUNDLE_IDENTIFIER = com..gittTests;
				PRODUCT_NAME = "$(TARGET_NAME)";
				SWIFT_EMIT_LOC_STRINGS = NO;
				SWIFT_VERSION = 5.0;
				TARGETED_DEVICE_FAMILY = "1,2";
				TEST_HOST = "$(BUILT_PRODUCTS_DIR)/gitt.app/$(BUNDLE_EXECUTABLE_FOLDER_PATH)/gitt";
			};
			name = Release;
		};
		69AD118E2B0F438500D82BBE /* Debug */ = {
			isa = XCBuildConfiguration;
			buildSettings = {
				ALWAYS_EMBED_SWIFT_STANDARD_LIBRARIES = YES;
				CODE_SIGN_STYLE = Automatic;
				CURRENT_PROJECT_VERSION = 1;
				GENERATE_INFOPLIST_FILE = YES;
				MARKETING_VERSION = 1.0;
				PRODUCT_BUNDLE_IDENTIFIER = com..gittUITests;
				PRODUCT_NAME = "$(TARGET_NAME)";
				SWIFT_EMIT_LOC_STRINGS = NO;
				SWIFT_VERSION = 5.0;
				TARGETED_DEVICE_FAMILY = "1,2";
				TEST_TARGET_NAME = gitt;
			};
			name = Debug;
		};
		69AD118F2B0F438500D82BBE /* Release */ = {
			isa = XCBuildConfiguration;
			buildSettings = {
				ALWAYS_EMBED_SWIFT_STANDARD_LIBRARIES = YES;
				CODE_SIGN_STYLE = Automatic;
				CURRENT_PROJECT_VERSION = 1;
				GENERATE_INFOPLIST_FILE = YES;
				MARKETING_VERSION = 1.0;
				PRODUCT_BUNDLE_IDENTIFIER = com..gittUITests;
				PRODUCT_NAME = "$(TARGET_NAME)";
				SWIFT_EMIT_LOC_STRINGS = NO;
				SWIFT_VERSION = 5.0;
				TARGETED_DEVICE_FAMILY = "1,2";
				TEST_TARGET_NAME = gitt;
			};
			name = Release;
		};
/* End XCBuildConfiguration section */

/* Begin XCConfigurationList section */
		69AD115E2B0F438400D82BBE /* Build configuration list for PBXProject "gitt" */ = {
			isa = XCConfigurationList;
			buildConfigurations = (
				69AD11852B0F438500D82BBE /* Debug */,
				69AD11862B0F438500D82BBE /* Release */,
			);
			defaultConfigurationIsVisible = 0;
			defaultConfigurationName = Release;
		};
		69AD11872B0F438500D82BBE /* Build configuration list for PBXNativeTarget "gitt" */ = {
			isa = XCConfigurationList;
			buildConfigurations = (
				69AD11882B0F438500D82BBE /* Debug */,
				69AD11892B0F438500D82BBE /* Release */,
			);
			defaultConfigurationIsVisible = 0;
			defaultConfigurationName = Release;
		};
		69AD118A2B0F438500D82BBE /* Build configuration list for PBXNativeTarget "gittTests" */ = {
			isa = XCConfigurationList;
			buildConfigurations = (
				69AD118B2B0F438500D82BBE /* Debug */,
				69AD118C2B0F438500D82BBE /* Release */,
			);
			defaultConfigurationIsVisible = 0;
			defaultConfigurationName = Release;
		};
		69AD118D2B0F438500D82BBE /* Build configuration list for PBXNativeTarget "gittUITests" */ = {
			isa = XCConfigurationList;
			buildConfigurations = (
				69AD118E2B0F438500D82BBE /* Debug */,
				69AD118F2B0F438500D82BBE /* Release */,
			);
			defaultConfigurationIsVisible = 0;
			defaultConfigurationName = Release;
		};
/* End XCConfigurationList section */
	};
	rootObject = 69AD115B2B0F438400D82BBE /* Project object */;
}
